<?xml version="1.0" encoding="UTF-8" standalone="yes" ?>
<CodeBlocks_project_file>
	<FileVersion major="1" minor="6" />
	<Project>
		<Option title="BruTE++" />
		<Option pch_mode="2" />
		<Option compiler="gcc" />
		<Build>
			<Target title="Debug">
				<Option output="bin/Debug/BruTE++" prefix_auto="1" extension_auto="1" />
				<Option object_output="obj/Debug/" />
				<Option type="1" />
				<Option compiler="gcc" />
				<Compiler>
					<Add option="-fopenmp" />
					<Add option="-g" />
					<Add directory="midifile/include" />
					<Add directory="include" />
				</Compiler>
				<Linker>
					<Add library="gomp" />
					<Add library="midifile" />
					<Add directory="midifile/visual-studio/DebugLib" />
					<Add directory="fluidsynth/64bit/lib" />
					<Add directory="fluidsynth/64bit/bin" />
				</Linker>
			</Target>
			<Target title="Release">
				<Option output="bin/Release/BruTE++" prefix_auto="1" extension_auto="1" />
				<Option object_output="obj/Release/" />
				<Option type="1" />
				<Option compiler="gcc" />
				<Compiler>
					<Add option="-fopenmp" />
					<Add option="-fexpensive-optimizations" />
					<Add option="-O3" />
					<Add option="-std=c++17" />
					<Add directory="midifile/include" />
					<Add directory="include" />
				</Compiler>
				<Linker>
					<Add option="-s" />
					<Add library="gomp" />
					<Add library="midifile" />
					<Add directory="midifile/visual-studio/ReleaseLib" />
					<Add directory="fluidsynth/64bit/lib" />
					<Add directory="fluidsynth/64bit/bin" />
				</Linker>
			</Target>
		</Build>
		<Compiler>
			<Add option="-Wall" />
		</Compiler>
		<Unit filename="brutepp.cpp" />
		<Unit filename="include/bandview.h" />
		<Unit filename="include/brute.h" />
		<Unit filename="include/brutedefinitions.h" />
		<Unit filename="include/chord.h" />
		<Unit filename="include/configfile.h" />
		<Unit filename="include/midipreview.h" />
		<Unit filename="midifile/include/Binasc.h" />
		<Unit filename="midifile/include/MidiEvent.h" />
		<Unit filename="midifile/include/MidiEventList.h" />
		<Unit filename="midifile/include/MidiFile.h" />
		<Unit filename="midifile/include/MidiMessage.h" />
		<Unit filename="midifile/include/Options.h" />
		<Extensions>
			<lib_finder disable_auto="1" />
		</Extensions>
	</Project>
</CodeBlocks_project_file>
